
Microsoft Visual Studio Solution File, Format Version 12.00
# Visual Studio Version 16
VisualStudioVersion = 16.0.29926.136
MinimumVisualStudioVersion = 10.0.40219.1
Project("{FAE04EC0-301F-11D3-BF4B-00C04F79EFBC}") = "CRUD", "CRUD\CRUD.csproj", "{D83361D2-955C-4ACB-A9B7-CBD93B3416D6}"
EndProject
Global
	GlobalSection(SolutionConfigurationPlatforms) = preSolution
		Debug|Any CPU = Debug|Any CPU
		Release|Any CPU = Release|Any CPU
	EndGlobalSection
	GlobalSection(ProjectConfigurationPlatforms) = postSolution
		{D83361D2-955C-4ACB-A9B7-CBD93B3416D6}.Debug|Any CPU.ActiveCfg = Debug|Any CPU
		{D83361D2-955C-4ACB-A9B7-CBD93B3416D6}.Debug|Any CPU.Build.0 = Debug|Any CPU
		{D83361D2-955C-4ACB-A9B7-CBD93B3416D6}.Release|Any CPU.ActiveCfg = Release|Any CPU
		{D83361D2-955C-4ACB-A9B7-CBD93B3416D6}.Release|Any CPU.Build.0 = Release|Any CPU
	EndGlobalSection
	GlobalSection(SolutionProperties) = preSolution
		HideSolutionNode = FALSE
	EndGlobalSection
	GlobalSection(ExtensibilityGlobals) = postSolution
		SolutionGuid = {35C83E35-29ED-439B-814B-666CE769B3EB}
	EndGlobalSection
EndGlobal
